<?xml version="1.0" encoding="utf-8"?>
<Project ToolsVersion="4.0" xmlns="http://schemas.microsoft.com/developer/msbuild/2003">
  <ItemGroup>
    <ClCompile Include="station.cpp" />
    <ClCompile Include="pathfinder.cpp" />
    <ClCompile Include="menu.cpp" />
    <ClCompile Include="main.cpp" />
    <ClCompile Include="graph.cpp" />
  </ItemGroup>
  <ItemGroup>
    <ClInclude Include="graph.h" />
    <ClInclude Include="menu.h" />
    <ClInclude Include="pathfinder.h" />
    <ClInclude Include="station.h" />
  </ItemGroup>
</Project>